
Microsoft Visual Studio Solution File, Format Version 12.00
# Visual Studio Version 17
VisualStudioVersion = 17.0.31912.275
MinimumVisualStudioVersion = 10.0.40219.1
Project("{FAE04EC0-301F-11D3-BF4B-00C04F79EFBC}") = "AuthBlazor5", "AuthBlazor5\AuthBlazor5.csproj", "{0916A08F-B9F8-44B4-8B9C-ACC15458BA4C}"
EndProject
Global
	GlobalSection(SolutionConfigurationPlatforms) = preSolution
		Debug|Any CPU = Debug|Any CPU
		Release|Any CPU = Release|Any CPU
	EndGlobalSection
	GlobalSection(ProjectConfigurationPlatforms) = postSolution
		{0916A08F-B9F8-44B4-8B9C-ACC15458BA4C}.Debug|Any CPU.ActiveCfg = Debug|Any CPU
		{0916A08F-B9F8-44B4-8B9C-ACC15458BA4C}.Debug|Any CPU.Build.0 = Debug|Any CPU
		{0916A08F-B9F8-44B4-8B9C-ACC15458BA4C}.Release|Any CPU.ActiveCfg = Release|Any CPU
		{0916A08F-B9F8-44B4-8B9C-ACC15458BA4C}.Release|Any CPU.Build.0 = Release|Any CPU
	EndGlobalSection
	GlobalSection(SolutionProperties) = preSolution
		HideSolutionNode = FALSE
	EndGlobalSection
	GlobalSection(ExtensibilityGlobals) = postSolution
		SolutionGuid = {24A10D0B-1C7A-4CD1-997C-06DA72CAC716}
	EndGlobalSection
EndGlobal
